
Microsoft Visual Studio Solution File, Format Version 12.00
# Visual Studio Version 17
VisualStudioVersion = 17.11.35327.3
MinimumVisualStudioVersion = 10.0.40219.1
Project("{FAE04EC0-301F-11D3-BF4B-00C04F79EFBC}") = "Custom Data Pipelines", "Custom Data Pipelines\Custom Data Pipelines.csproj", "{AAFEF001-1311-4EE2-8CC6-8EADC53A3B5E}"
EndProject
Global
	GlobalSection(SolutionConfigurationPlatforms) = preSolution
		Debug|Any CPU = Debug|Any CPU
		Release|Any CPU = Release|Any CPU
	EndGlobalSection
	GlobalSection(ProjectConfigurationPlatforms) = postSolution
		{AAFEF001-1311-4EE2-8CC6-8EADC53A3B5E}.Debug|Any CPU.ActiveCfg = Debug|Any CPU
		{AAFEF001-1311-4EE2-8CC6-8EADC53A3B5E}.Debug|Any CPU.Build.0 = Debug|Any CPU
		{AAFEF001-1311-4EE2-8CC6-8EADC53A3B5E}.Release|Any CPU.ActiveCfg = Release|Any CPU
		{AAFEF001-1311-4EE2-8CC6-8EADC53A3B5E}.Release|Any CPU.Build.0 = Release|Any CPU
	EndGlobalSection
	GlobalSection(SolutionProperties) = preSolution
		HideSolutionNode = FALSE
	EndGlobalSection
	GlobalSection(ExtensibilityGlobals) = postSolution
		SolutionGuid = {E698EB1B-6B91-4F16-8597-F7514D18E02A}
	EndGlobalSection
EndGlobal
