
Microsoft Visual Studio Solution File, Format Version 12.00
# Visual Studio Version 17
VisualStudioVersion = 17.11.35327.3
MinimumVisualStudioVersion = 10.0.40219.1
Project("{FAE04EC0-301F-11D3-BF4B-00C04F79EFBC}") = "practice_08", "practice_08\practice_08.csproj", "{7D99E402-0BEC-425D-B50C-520A1C3E2729}"
EndProject
Global
	GlobalSection(SolutionConfigurationPlatforms) = preSolution
		Debug|Any CPU = Debug|Any CPU
		Release|Any CPU = Release|Any CPU
	EndGlobalSection
	GlobalSection(ProjectConfigurationPlatforms) = postSolution
		{7D99E402-0BEC-425D-B50C-520A1C3E2729}.Debug|Any CPU.ActiveCfg = Debug|Any CPU
		{7D99E402-0BEC-425D-B50C-520A1C3E2729}.Debug|Any CPU.Build.0 = Debug|Any CPU
		{7D99E402-0BEC-425D-B50C-520A1C3E2729}.Release|Any CPU.ActiveCfg = Release|Any CPU
		{7D99E402-0BEC-425D-B50C-520A1C3E2729}.Release|Any CPU.Build.0 = Release|Any CPU
	EndGlobalSection
	GlobalSection(SolutionProperties) = preSolution
		HideSolutionNode = FALSE
	EndGlobalSection
	GlobalSection(ExtensibilityGlobals) = postSolution
		SolutionGuid = {C36EF0DF-19E9-481E-A7A0-6F469FB24C48}
	EndGlobalSection
EndGlobal
