
Microsoft Visual Studio Solution File, Format Version 12.00
# Visual Studio Version 17
VisualStudioVersion = 17.11.35327.3
MinimumVisualStudioVersion = 10.0.40219.1
Project("{FAE04EC0-301F-11D3-BF4B-00C04F79EFBC}") = "practice_04", "practice_04\practice_04.csproj", "{78FA5C1D-FAF3-4CF6-A51D-DC3C4FD9793A}"
EndProject
Global
	GlobalSection(SolutionConfigurationPlatforms) = preSolution
		Debug|Any CPU = Debug|Any CPU
		Release|Any CPU = Release|Any CPU
	EndGlobalSection
	GlobalSection(ProjectConfigurationPlatforms) = postSolution
		{78FA5C1D-FAF3-4CF6-A51D-DC3C4FD9793A}.Debug|Any CPU.ActiveCfg = Debug|Any CPU
		{78FA5C1D-FAF3-4CF6-A51D-DC3C4FD9793A}.Debug|Any CPU.Build.0 = Debug|Any CPU
		{78FA5C1D-FAF3-4CF6-A51D-DC3C4FD9793A}.Release|Any CPU.ActiveCfg = Release|Any CPU
		{78FA5C1D-FAF3-4CF6-A51D-DC3C4FD9793A}.Release|Any CPU.Build.0 = Release|Any CPU
	EndGlobalSection
	GlobalSection(SolutionProperties) = preSolution
		HideSolutionNode = FALSE
	EndGlobalSection
	GlobalSection(ExtensibilityGlobals) = postSolution
		SolutionGuid = {A61B3D04-A0B4-4E99-939D-DAC3E8DBE36F}
	EndGlobalSection
EndGlobal
