
Microsoft Visual Studio Solution File, Format Version 12.00
# Visual Studio Version 17
VisualStudioVersion = 17.11.35327.3
MinimumVisualStudioVersion = 10.0.40219.1
Project("{FAE04EC0-301F-11D3-BF4B-00C04F79EFBC}") = "practice_04", "practice_04\practice_04.csproj", "{A5E1351F-5DAB-4C5C-97F4-F1094F16FE4A}"
EndProject
Global
	GlobalSection(SolutionConfigurationPlatforms) = preSolution
		Debug|Any CPU = Debug|Any CPU
		Release|Any CPU = Release|Any CPU
	EndGlobalSection
	GlobalSection(ProjectConfigurationPlatforms) = postSolution
		{A5E1351F-5DAB-4C5C-97F4-F1094F16FE4A}.Debug|Any CPU.ActiveCfg = Debug|Any CPU
		{A5E1351F-5DAB-4C5C-97F4-F1094F16FE4A}.Debug|Any CPU.Build.0 = Debug|Any CPU
		{A5E1351F-5DAB-4C5C-97F4-F1094F16FE4A}.Release|Any CPU.ActiveCfg = Release|Any CPU
		{A5E1351F-5DAB-4C5C-97F4-F1094F16FE4A}.Release|Any CPU.Build.0 = Release|Any CPU
	EndGlobalSection
	GlobalSection(SolutionProperties) = preSolution
		HideSolutionNode = FALSE
	EndGlobalSection
	GlobalSection(ExtensibilityGlobals) = postSolution
		SolutionGuid = {3B529D4C-0750-487B-91D5-B6EF41B3DD84}
	EndGlobalSection
EndGlobal
