
Microsoft Visual Studio Solution File, Format Version 12.00
# Visual Studio Version 17
VisualStudioVersion = 17.11.35327.3
MinimumVisualStudioVersion = 10.0.40219.1
Project("{FAE04EC0-301F-11D3-BF4B-00C04F79EFBC}") = "SwapElems", "SwapElems\SwapElems.csproj", "{4D3F0A3E-D042-4564-A6E1-32BF8D91000B}"
EndProject
Global
	GlobalSection(SolutionConfigurationPlatforms) = preSolution
		Debug|Any CPU = Debug|Any CPU
		Release|Any CPU = Release|Any CPU
	EndGlobalSection
	GlobalSection(ProjectConfigurationPlatforms) = postSolution
		{4D3F0A3E-D042-4564-A6E1-32BF8D91000B}.Debug|Any CPU.ActiveCfg = Debug|Any CPU
		{4D3F0A3E-D042-4564-A6E1-32BF8D91000B}.Debug|Any CPU.Build.0 = Debug|Any CPU
		{4D3F0A3E-D042-4564-A6E1-32BF8D91000B}.Release|Any CPU.ActiveCfg = Release|Any CPU
		{4D3F0A3E-D042-4564-A6E1-32BF8D91000B}.Release|Any CPU.Build.0 = Release|Any CPU
	EndGlobalSection
	GlobalSection(SolutionProperties) = preSolution
		HideSolutionNode = FALSE
	EndGlobalSection
	GlobalSection(ExtensibilityGlobals) = postSolution
		SolutionGuid = {1B396958-E646-41DF-A978-D7473FD2D459}
	EndGlobalSection
EndGlobal
