
Microsoft Visual Studio Solution File, Format Version 12.00
# Visual Studio Version 17
VisualStudioVersion = 17.11.35327.3
MinimumVisualStudioVersion = 10.0.40219.1
Project("{FAE04EC0-301F-11D3-BF4B-00C04F79EFBC}") = "practice_06", "practice_06\practice_06.csproj", "{0D08E3CF-04A4-44C2-BDAE-64512B251CDC}"
EndProject
Global
	GlobalSection(SolutionConfigurationPlatforms) = preSolution
		Debug|Any CPU = Debug|Any CPU
		Release|Any CPU = Release|Any CPU
	EndGlobalSection
	GlobalSection(ProjectConfigurationPlatforms) = postSolution
		{0D08E3CF-04A4-44C2-BDAE-64512B251CDC}.Debug|Any CPU.ActiveCfg = Debug|Any CPU
		{0D08E3CF-04A4-44C2-BDAE-64512B251CDC}.Debug|Any CPU.Build.0 = Debug|Any CPU
		{0D08E3CF-04A4-44C2-BDAE-64512B251CDC}.Release|Any CPU.ActiveCfg = Release|Any CPU
		{0D08E3CF-04A4-44C2-BDAE-64512B251CDC}.Release|Any CPU.Build.0 = Release|Any CPU
	EndGlobalSection
	GlobalSection(SolutionProperties) = preSolution
		HideSolutionNode = FALSE
	EndGlobalSection
	GlobalSection(ExtensibilityGlobals) = postSolution
		SolutionGuid = {150BC2EC-BF53-43A6-AD8F-B720D10C4BE5}
	EndGlobalSection
EndGlobal
