
Microsoft Visual Studio Solution File, Format Version 12.00
# Visual Studio Version 17
VisualStudioVersion = 17.11.35327.3
MinimumVisualStudioVersion = 10.0.40219.1
Project("{FAE04EC0-301F-11D3-BF4B-00C04F79EFBC}") = "Calculator", "Calculator\Calculator.csproj", "{909000E7-2E1C-46A3-A14B-67687590E154}"
EndProject
Global
	GlobalSection(SolutionConfigurationPlatforms) = preSolution
		Debug|Any CPU = Debug|Any CPU
		Release|Any CPU = Release|Any CPU
	EndGlobalSection
	GlobalSection(ProjectConfigurationPlatforms) = postSolution
		{909000E7-2E1C-46A3-A14B-67687590E154}.Debug|Any CPU.ActiveCfg = Debug|Any CPU
		{909000E7-2E1C-46A3-A14B-67687590E154}.Debug|Any CPU.Build.0 = Debug|Any CPU
		{909000E7-2E1C-46A3-A14B-67687590E154}.Release|Any CPU.ActiveCfg = Release|Any CPU
		{909000E7-2E1C-46A3-A14B-67687590E154}.Release|Any CPU.Build.0 = Release|Any CPU
	EndGlobalSection
	GlobalSection(SolutionProperties) = preSolution
		HideSolutionNode = FALSE
	EndGlobalSection
	GlobalSection(ExtensibilityGlobals) = postSolution
		SolutionGuid = {329CFBA7-C0B2-48A7-8C8D-FB4A20AE2808}
	EndGlobalSection
EndGlobal
