
Microsoft Visual Studio Solution File, Format Version 12.00
# Visual Studio Version 17
VisualStudioVersion = 17.11.35327.3
MinimumVisualStudioVersion = 10.0.40219.1
Project("{FAE04EC0-301F-11D3-BF4B-00C04F79EFBC}") = "practice_07", "practice_07\practice_07.csproj", "{4A1E19C2-43BB-48DB-80FE-65B3A3FE04CC}"
EndProject
Global
	GlobalSection(SolutionConfigurationPlatforms) = preSolution
		Debug|Any CPU = Debug|Any CPU
		Release|Any CPU = Release|Any CPU
	EndGlobalSection
	GlobalSection(ProjectConfigurationPlatforms) = postSolution
		{4A1E19C2-43BB-48DB-80FE-65B3A3FE04CC}.Debug|Any CPU.ActiveCfg = Debug|Any CPU
		{4A1E19C2-43BB-48DB-80FE-65B3A3FE04CC}.Debug|Any CPU.Build.0 = Debug|Any CPU
		{4A1E19C2-43BB-48DB-80FE-65B3A3FE04CC}.Release|Any CPU.ActiveCfg = Release|Any CPU
		{4A1E19C2-43BB-48DB-80FE-65B3A3FE04CC}.Release|Any CPU.Build.0 = Release|Any CPU
	EndGlobalSection
	GlobalSection(SolutionProperties) = preSolution
		HideSolutionNode = FALSE
	EndGlobalSection
	GlobalSection(ExtensibilityGlobals) = postSolution
		SolutionGuid = {2208C847-F070-4ACB-8A24-3B0D17E00C5D}
	EndGlobalSection
EndGlobal
