
Microsoft Visual Studio Solution File, Format Version 12.00
# Visual Studio Version 17
VisualStudioVersion = 17.11.35327.3
MinimumVisualStudioVersion = 10.0.40219.1
Project("{FAE04EC0-301F-11D3-BF4B-00C04F79EFBC}") = "practice_09", "practice_09\practice_09.csproj", "{03029EC7-A920-46B5-9B40-373F72C26648}"
EndProject
Global
	GlobalSection(SolutionConfigurationPlatforms) = preSolution
		Debug|Any CPU = Debug|Any CPU
		Release|Any CPU = Release|Any CPU
	EndGlobalSection
	GlobalSection(ProjectConfigurationPlatforms) = postSolution
		{03029EC7-A920-46B5-9B40-373F72C26648}.Debug|Any CPU.ActiveCfg = Debug|Any CPU
		{03029EC7-A920-46B5-9B40-373F72C26648}.Debug|Any CPU.Build.0 = Debug|Any CPU
		{03029EC7-A920-46B5-9B40-373F72C26648}.Release|Any CPU.ActiveCfg = Release|Any CPU
		{03029EC7-A920-46B5-9B40-373F72C26648}.Release|Any CPU.Build.0 = Release|Any CPU
	EndGlobalSection
	GlobalSection(SolutionProperties) = preSolution
		HideSolutionNode = FALSE
	EndGlobalSection
	GlobalSection(ExtensibilityGlobals) = postSolution
		SolutionGuid = {7D2C0FDC-D652-42F1-BBA6-87AFBB48C010}
	EndGlobalSection
EndGlobal
